# THIS IS AN AUTOGENERATED FILE. DO NOT EDIT THIS FILE DIRECTLY.
# yarn lockfile v1


adminbsb-materialdesign@^1.0.5:
  version "1.0.7"
  resolved "https://registry.yarnpkg.com/adminbsb-materialdesign/-/adminbsb-materialdesign-1.0.7.tgz#9c07fa24e23d6c29aceb69dc1f4681352946cf45"
  integrity sha512-8G1wc4UWjUd7JhW3bxQd7DmtEMxmNXkPd81PsDJ99Ieyhnyteu73Fw7kSUrz20V2QJa4Rd0OL9FJHcZytrt8bw==

angular-animate@^1.6.9:
  version "1.7.8"
  resolved "https://registry.yarnpkg.com/angular-animate/-/angular-animate-1.7.8.tgz#c95f237efe7ecfe0e6003adb5e2c7ef0e5a2b9d4"
  integrity sha512-bINtzizq7TbJzfVrDpwLfTxVl0Qd7fRNWFb5jKYI1vaFZobQNX/QONXlLow6ySsDbZ6eLECycB7mvWtfh1YYaw==

angular-animate@~1.5.8:
  version "1.5.11"
  resolved "https://registry.yarnpkg.com/angular-animate/-/angular-animate-1.5.11.tgz#1baa43c303d1b93c4e6aa89453b39114b7a1c669"
  integrity sha1-G6pDwwPRuTxOaqiUU7ORFLehxmk=

angular-aria@~1.5.8:
  version "1.5.11"
  resolved "https://registry.yarnpkg.com/angular-aria/-/angular-aria-1.5.11.tgz#26963ac336891ced7b199e59afd7e9b25e53d6a6"
  integrity sha1-JpY6wzaJHO17GZ5Zr9fpsl5T1qY=

angular-material-icons@~v0.6.0:
  version "0.6.0"
  resolved "https://registry.yarnpkg.com/angular-material-icons/-/angular-material-icons-0.6.0.tgz#6ef28ead1ecb79993937ac4b5b48aaee907e1b63"
  integrity sha1-bvKOrR7LeZk5N6xLW0iq7pB+G2M=
  dependencies:
    angular ">1.3.x"

angular-material@1.1.1:
  version "1.1.1"
  resolved "https://registry.yarnpkg.com/angular-material/-/angular-material-1.1.1.tgz#ed12f394ba71a9189d664115624f6787a7439af2"
  integrity sha1-7RLzlLpxqRidZkEVYk9nh6dDmvI=

angular-material@^1.1.7:
  version "1.1.19"
  resolved "https://registry.yarnpkg.com/angular-material/-/angular-material-1.1.19.tgz#1c30b3143edd8765660ff30367d9fed03c29338d"
  integrity sha512-R46TfnVsAkhRDcsbrFR5DB+Ja4LpPGugAQDHYItcvLYCIkVMf07cIx1q6WyFPiZQVwz3j+ECMveqsjX+jEUrgg==

angular-messages@^1.6.9:
  version "1.7.8"
  resolved "https://registry.yarnpkg.com/angular-messages/-/angular-messages-1.7.8.tgz#746da9c955f855ef6ceac34b2a5eb8b1b12e6a78"
  integrity sha512-e7Oq4ugdTcAp4kLP9TNOh6mfSsYO2Uwf7NavLuNWqahDGRHYXilo2gcI/vxmFjPBOwAmreXrhYlpGLlJdzxfQg==

angular-resource@^1.6.9:
  version "1.7.8"
  resolved "https://registry.yarnpkg.com/angular-resource/-/angular-resource-1.7.8.tgz#9577dbcc02cdbb76398febc5fc7ee103c86c5c50"
  integrity sha512-zuPQ0ZX9Q8WnZ0KMtJlKYUSIXWRQSbFzMkRV9zG8cYYSsMAZlXar5Hqmd5gzxC3O28AGM7BCEJ+iYs3UNL4qdA==

angular-route@^1.6.9:
  version "1.7.8"
  resolved "https://registry.yarnpkg.com/angular-route/-/angular-route-1.7.8.tgz#d502aa605dcbb253a93e844c0adf51c9bc36b9fa"
  integrity sha512-VVk89PH0fsY5kfbx+N7IVX1IwnaPWYhMGY0uA+rjej2v1sjvrTx1SLkxUK4E0UpW1hXeLJhN7ncBcwoBiPtAtA==

angular-sanitize@~1.5.8:
  version "1.5.11"
  resolved "https://registry.yarnpkg.com/angular-sanitize/-/angular-sanitize-1.5.11.tgz#ebfb3f343e543f9b2ef050fb4c2e9ee048d1772f"
  integrity sha1-6/s/ND5UP5su8FD7TC6e4EjRdy8=

angular@>1.3.x, angular@^1.6.9:
  version "1.7.8"
  resolved "https://registry.yarnpkg.com/angular/-/angular-1.7.8.tgz#b77ede272ce1b261e3be30c1451a0b346905a3c9"
  integrity sha512-wtef/y4COxM7ZVhddd7JtAAhyYObq9YXKar9tsW7558BImeVYteJiTxCKeJOL45lJ/+7B4wrAC49j8gTFYEthg==

angular@~1.5.8:
  version "1.5.11"
  resolved "https://registry.yarnpkg.com/angular/-/angular-1.5.11.tgz#8c5ba7386f15965c9acf3429f6881553aada30d6"
  integrity sha1-jFunOG8VllyazzQp9ogVU6raMNY=

es6-object-assign@^1.1.0:
  version "1.1.0"
  resolved "https://registry.yarnpkg.com/es6-object-assign/-/es6-object-assign-1.1.0.tgz#c2c3582656247c39ea107cb1e6652b6f9f24523c"
  integrity sha1-wsNYJlYkfDnqEHyx5mUrb58kUjw=

jquery@~2.1.4:
  version "2.1.4"
  resolved "https://registry.yarnpkg.com/jquery/-/jquery-2.1.4.tgz#228bde698a0c61431dc2630a6a154f15890d2317"
  integrity sha1-IoveaYoMYUMdwmMKahVPFYkNIxc=

lodash@~3.10.1:
  version "3.10.1"
  resolved "https://registry.yarnpkg.com/lodash/-/lodash-3.10.1.tgz#5bf45e8e49ba4189e17d482789dfd15bd140b7b6"
  integrity sha1-W/Rejkm6QYnhfUgnid/RW9FAt7Y=

md-data-table@^2.2.0:
  version "2.2.0"
  resolved "https://registry.yarnpkg.com/md-data-table/-/md-data-table-2.2.0.tgz#f425529e10094bdb94bfa56a331a9b94a2e512f1"
  integrity sha1-9CVSnhAJS9uUv6VqMxqblKLlEvE=
  dependencies:
    angular "~1.5.8"
    angular-animate "~1.5.8"
    angular-aria "~1.5.8"
    angular-material "1.1.1"
    angular-material-icons "~v0.6.0"
    angular-sanitize "~1.5.8"
    jquery "~2.1.4"
    lodash "~3.10.1"

ngstorage@^0.3.11:
  version "0.3.11"
  resolved "https://registry.yarnpkg.com/ngstorage/-/ngstorage-0.3.11.tgz#1637c45b872d909d9cc7e18b374898d50b2e844f"
  integrity sha1-FjfEW4ctkJ2cx+GLN0iY1QsuhE8=

promise-polyfill@^6.0.2:
  version "6.1.0"
  resolved "https://registry.yarnpkg.com/promise-polyfill/-/promise-polyfill-6.1.0.tgz#dfa96943ea9c121fca4de9b5868cb39d3472e057"
  integrity sha1-36lpQ+qcEh/KTem1hoyznTRy4Fc=

sweetalert@^2.1.0:
  version "2.1.2"
  resolved "https://registry.yarnpkg.com/sweetalert/-/sweetalert-2.1.2.tgz#010baaa80d0dbdc86f96bfcaa96b490728594b79"
  integrity sha512-iWx7X4anRBNDa/a+AdTmvAzQtkN1+s4j/JJRWlHpYE8Qimkohs8/XnFcWeYHH2lMA8LRCa5tj2d244If3S/hzA==
  dependencies:
    es6-object-assign "^1.1.0"
    promise-polyfill "^6.0.2"

underscore@^1.8.3:
  version "1.9.1"
  resolved "https://registry.yarnpkg.com/underscore/-/underscore-1.9.1.tgz#06dce34a0e68a7babc29b365b8e74b8925203961"
  integrity sha512-5/4etnCkd9c8gwgowi5/om/mYO5ajCaOgdzj/oW+0eQV9WxKBDZw5+ycmKmeaTXjInS/W0BzpGLo2xR2aBwZdg==
